
Microsoft Visual Studio Solution File, Format Version 12.00
# Visual Studio Version 17
VisualStudioVersion = 17.1.32407.343
MinimumVisualStudioVersion = 10.0.40219.1
Project("{9A19103F-16F7-4668-BE54-9A1E7A4F7556}") = "E.Shop.Passport.Identity", "src\HR.Vision.Passport.Identity\E.Shop.Passport.Identity.csproj", "{2D5BB6A5-DB72-42A8-9E15-6F6F20062B9F}"
EndProject
Global
	GlobalSection(SolutionConfigurationPlatforms) = preSolution
		Debug|Any CPU = Debug|Any CPU
		Release|Any CPU = Release|Any CPU
	EndGlobalSection
	GlobalSection(ProjectConfigurationPlatforms) = postSolution
		{2D5BB6A5-DB72-42A8-9E15-6F6F20062B9F}.Debug|Any CPU.ActiveCfg = Debug|Any CPU
		{2D5BB6A5-DB72-42A8-9E15-6F6F20062B9F}.Debug|Any CPU.Build.0 = Debug|Any CPU
		{2D5BB6A5-DB72-42A8-9E15-6F6F20062B9F}.Release|Any CPU.ActiveCfg = Release|Any CPU
		{2D5BB6A5-DB72-42A8-9E15-6F6F20062B9F}.Release|Any CPU.Build.0 = Release|Any CPU
	EndGlobalSection
	GlobalSection(SolutionProperties) = preSolution
		HideSolutionNode = FALSE
	EndGlobalSection
	GlobalSection(ExtensibilityGlobals) = postSolution
		SolutionGuid = {E46C4C47-8037-4457-B49A-288635DDBB36}
	EndGlobalSection
EndGlobal
